{
  "originHash" : "50332ce3348e9df07b56958b0969d255fad8020066430ec9bca8fca5d1da71ee",
  "pins" : [
    {
      "identity" : "youtubekit",
      "kind" : "remoteSourceControl",
      "location" : "https://github.com/alexeichhorn/YouTubeKit",
      "state" : {
        "revision" : "068403f2b7523c7620eab257e64402f722821e05",
        "version" : "0.4.3"
      }
    }
  ],
  "version" : 3
}
